
Microsoft Visual Studio Solution File, Format Version 12.00
# Visual Studio Version 16
VisualStudioVersion = 16.0.31313.79
MinimumVisualStudioVersion = 10.0.40219.1
Project("{FAE04EC0-301F-11D3-BF4B-00C04F79EFBC}") = "ForEachCalcAvg", "ForEachCalcAvg\ForEachCalcAvg.csproj", "{B628A60F-773E-48D1-AC24-709A08FD923C}"
EndProject
Global
	GlobalSection(SolutionConfigurationPlatforms) = preSolution
		Debug|Any CPU = Debug|Any CPU
		Release|Any CPU = Release|Any CPU
	EndGlobalSection
	GlobalSection(ProjectConfigurationPlatforms) = postSolution
		{B628A60F-773E-48D1-AC24-709A08FD923C}.Debug|Any CPU.ActiveCfg = Debug|Any CPU
		{B628A60F-773E-48D1-AC24-709A08FD923C}.Debug|Any CPU.Build.0 = Debug|Any CPU
		{B628A60F-773E-48D1-AC24-709A08FD923C}.Release|Any CPU.ActiveCfg = Release|Any CPU
		{B628A60F-773E-48D1-AC24-709A08FD923C}.Release|Any CPU.Build.0 = Release|Any CPU
	EndGlobalSection
	GlobalSection(SolutionProperties) = preSolution
		HideSolutionNode = FALSE
	EndGlobalSection
	GlobalSection(ExtensibilityGlobals) = postSolution
		SolutionGuid = {D35136F8-9EE0-4FB6-8D61-6575C1D5D735}
	EndGlobalSection
EndGlobal
